
Microsoft Visual Studio Solution File, Format Version 12.00
# Visual Studio Version 16
VisualStudioVersion = 16.0.31402.337
MinimumVisualStudioVersion = 10.0.40219.1
Project("{FAE04EC0-301F-11D3-BF4B-00C04F79EFBC}") = "MS-MineSweeper", "MS-MineSweeper\MS-MineSweeper.csproj", "{73D4B5DF-C34F-48A1-90CA-5031A3C11503}"
EndProject
Global
	GlobalSection(SolutionConfigurationPlatforms) = preSolution
		Debug|Any CPU = Debug|Any CPU
		Release|Any CPU = Release|Any CPU
	EndGlobalSection
	GlobalSection(ProjectConfigurationPlatforms) = postSolution
		{73D4B5DF-C34F-48A1-90CA-5031A3C11503}.Debug|Any CPU.ActiveCfg = Debug|Any CPU
		{73D4B5DF-C34F-48A1-90CA-5031A3C11503}.Debug|Any CPU.Build.0 = Debug|Any CPU
		{73D4B5DF-C34F-48A1-90CA-5031A3C11503}.Release|Any CPU.ActiveCfg = Release|Any CPU
		{73D4B5DF-C34F-48A1-90CA-5031A3C11503}.Release|Any CPU.Build.0 = Release|Any CPU
	EndGlobalSection
	GlobalSection(SolutionProperties) = preSolution
		HideSolutionNode = FALSE
	EndGlobalSection
	GlobalSection(ExtensibilityGlobals) = postSolution
		SolutionGuid = {582F5364-4DAA-4986-A396-C5015CD83624}
	EndGlobalSection
EndGlobal
